
Microsoft Visual Studio Solution File, Format Version 12.00
# Visual Studio Version 16
VisualStudioVersion = 16.0.34407.143
MinimumVisualStudioVersion = 10.0.40219.1
Project("{FAE04EC0-301F-11D3-BF4B-00C04F79EFBC}") = "GNProject", "GNProject\GNProject.csproj", "{F67608EE-1F31-438C-B38E-7E7AC821222A}"
	ProjectSection(ProjectDependencies) = postProject
		{DBE59363-AC46-4CFF-98F8-430EB1D35E43} = {DBE59363-AC46-4CFF-98F8-430EB1D35E43}
		{268E6881-6668-4009-A0B6-A00EF3E32EBF} = {268E6881-6668-4009-A0B6-A00EF3E32EBF}
		{716553A8-1C7B-4763-AE75-53BFFB115731} = {716553A8-1C7B-4763-AE75-53BFFB115731}
		{408D5DF8-7601-4CEE-B88B-7E83AE303AAA} = {408D5DF8-7601-4CEE-B88B-7E83AE303AAA}
	EndProjectSection
EndProject
Project("{FAE04EC0-301F-11D3-BF4B-00C04F79EFBC}") = "Persistence", "capas\Presistence\Persistence.csproj", "{716553A8-1C7B-4763-AE75-53BFFB115731}"
EndProject
Project("{2150E333-8FDC-42A3-9474-1A3956D46DE8}") = "capas", "capas", "{822AB930-3195-4CC4-8D54-CB274A5E87D0}"
EndProject
Project("{2150E333-8FDC-42A3-9474-1A3956D46DE8}") = "ctrlDoc", "ctrlDoc", "{F6B7C402-74EE-4239-A85C-551E912E3626}"
EndProject
Project("{FAE04EC0-301F-11D3-BF4B-00C04F79EFBC}") = "CtrlDocumentos.BE", "capas\ctrlDoc\CtrlDocumentos.BE\CtrlDocumentos.BE.csproj", "{DBE59363-AC46-4CFF-98F8-430EB1D35E43}"
EndProject
Project("{FAE04EC0-301F-11D3-BF4B-00C04F79EFBC}") = "CtrlDocumentos.BL", "capas\ctrlDoc\CtrlDocumentos.BL\CtrlDocumentos.BL.csproj", "{268E6881-6668-4009-A0B6-A00EF3E32EBF}"
EndProject
Project("{FAE04EC0-301F-11D3-BF4B-00C04F79EFBC}") = "CtrlDocumentos.DA", "capas\ctrlDoc\CtrlDocumentos.DA\CtrlDocumentos.DA.csproj", "{408D5DF8-7601-4CEE-B88B-7E83AE303AAA}"
EndProject
Global
	GlobalSection(SolutionConfigurationPlatforms) = preSolution
		Debug|Any CPU = Debug|Any CPU
		Release|Any CPU = Release|Any CPU
	EndGlobalSection
	GlobalSection(ProjectConfigurationPlatforms) = postSolution
		{F67608EE-1F31-438C-B38E-7E7AC821222A}.Debug|Any CPU.ActiveCfg = Debug|Any CPU
		{F67608EE-1F31-438C-B38E-7E7AC821222A}.Debug|Any CPU.Build.0 = Debug|Any CPU
		{F67608EE-1F31-438C-B38E-7E7AC821222A}.Release|Any CPU.ActiveCfg = Release|Any CPU
		{F67608EE-1F31-438C-B38E-7E7AC821222A}.Release|Any CPU.Build.0 = Release|Any CPU
		{716553A8-1C7B-4763-AE75-53BFFB115731}.Debug|Any CPU.ActiveCfg = Debug|Any CPU
		{716553A8-1C7B-4763-AE75-53BFFB115731}.Debug|Any CPU.Build.0 = Debug|Any CPU
		{716553A8-1C7B-4763-AE75-53BFFB115731}.Release|Any CPU.ActiveCfg = Release|Any CPU
		{716553A8-1C7B-4763-AE75-53BFFB115731}.Release|Any CPU.Build.0 = Release|Any CPU
		{DBE59363-AC46-4CFF-98F8-430EB1D35E43}.Debug|Any CPU.ActiveCfg = Debug|Any CPU
		{DBE59363-AC46-4CFF-98F8-430EB1D35E43}.Debug|Any CPU.Build.0 = Debug|Any CPU
		{DBE59363-AC46-4CFF-98F8-430EB1D35E43}.Release|Any CPU.ActiveCfg = Release|Any CPU
		{DBE59363-AC46-4CFF-98F8-430EB1D35E43}.Release|Any CPU.Build.0 = Release|Any CPU
		{268E6881-6668-4009-A0B6-A00EF3E32EBF}.Debug|Any CPU.ActiveCfg = Debug|Any CPU
		{268E6881-6668-4009-A0B6-A00EF3E32EBF}.Debug|Any CPU.Build.0 = Debug|Any CPU
		{268E6881-6668-4009-A0B6-A00EF3E32EBF}.Release|Any CPU.ActiveCfg = Release|Any CPU
		{268E6881-6668-4009-A0B6-A00EF3E32EBF}.Release|Any CPU.Build.0 = Release|Any CPU
		{408D5DF8-7601-4CEE-B88B-7E83AE303AAA}.Debug|Any CPU.ActiveCfg = Debug|Any CPU
		{408D5DF8-7601-4CEE-B88B-7E83AE303AAA}.Debug|Any CPU.Build.0 = Debug|Any CPU
		{408D5DF8-7601-4CEE-B88B-7E83AE303AAA}.Release|Any CPU.ActiveCfg = Release|Any CPU
		{408D5DF8-7601-4CEE-B88B-7E83AE303AAA}.Release|Any CPU.Build.0 = Release|Any CPU
	EndGlobalSection
	GlobalSection(SolutionProperties) = preSolution
		HideSolutionNode = FALSE
	EndGlobalSection
	GlobalSection(NestedProjects) = preSolution
		{F6B7C402-74EE-4239-A85C-551E912E3626} = {822AB930-3195-4CC4-8D54-CB274A5E87D0}
		{DBE59363-AC46-4CFF-98F8-430EB1D35E43} = {F6B7C402-74EE-4239-A85C-551E912E3626}
		{268E6881-6668-4009-A0B6-A00EF3E32EBF} = {F6B7C402-74EE-4239-A85C-551E912E3626}
		{408D5DF8-7601-4CEE-B88B-7E83AE303AAA} = {F6B7C402-74EE-4239-A85C-551E912E3626}
	EndGlobalSection
	GlobalSection(ExtensibilityGlobals) = postSolution
		SolutionGuid = {AB56270B-96DD-4177-B0D6-E7A12D30DF03}
	EndGlobalSection
EndGlobal
