
Microsoft Visual Studio Solution File, Format Version 12.00
# Visual Studio Version 16
VisualStudioVersion = 16.0.34407.143
MinimumVisualStudioVersion = 10.0.40219.1
Project("{FAE04EC0-301F-11D3-BF4B-00C04F79EFBC}") = "GNProject", "GNProject\GNProject.csproj", "{F67608EE-1F31-438C-B38E-7E7AC821222A}"
	ProjectSection(ProjectDependencies) = postProject
		{716553A8-1C7B-4763-AE75-53BFFB115731} = {716553A8-1C7B-4763-AE75-53BFFB115731}
	EndProjectSection
EndProject
Project("{FAE04EC0-301F-11D3-BF4B-00C04F79EFBC}") = "Persistence", "capas\Presistence\Persistence.csproj", "{716553A8-1C7B-4763-AE75-53BFFB115731}"
EndProject
Global
	GlobalSection(SolutionConfigurationPlatforms) = preSolution
		Debug|Any CPU = Debug|Any CPU
		Release|Any CPU = Release|Any CPU
	EndGlobalSection
	GlobalSection(ProjectConfigurationPlatforms) = postSolution
		{F67608EE-1F31-438C-B38E-7E7AC821222A}.Debug|Any CPU.ActiveCfg = Debug|Any CPU
		{F67608EE-1F31-438C-B38E-7E7AC821222A}.Debug|Any CPU.Build.0 = Debug|Any CPU
		{F67608EE-1F31-438C-B38E-7E7AC821222A}.Release|Any CPU.ActiveCfg = Release|Any CPU
		{F67608EE-1F31-438C-B38E-7E7AC821222A}.Release|Any CPU.Build.0 = Release|Any CPU
		{716553A8-1C7B-4763-AE75-53BFFB115731}.Debug|Any CPU.ActiveCfg = Debug|Any CPU
		{716553A8-1C7B-4763-AE75-53BFFB115731}.Debug|Any CPU.Build.0 = Debug|Any CPU
		{716553A8-1C7B-4763-AE75-53BFFB115731}.Release|Any CPU.ActiveCfg = Release|Any CPU
		{716553A8-1C7B-4763-AE75-53BFFB115731}.Release|Any CPU.Build.0 = Release|Any CPU
	EndGlobalSection
	GlobalSection(SolutionProperties) = preSolution
		HideSolutionNode = FALSE
	EndGlobalSection
	GlobalSection(ExtensibilityGlobals) = postSolution
		SolutionGuid = {AB56270B-96DD-4177-B0D6-E7A12D30DF03}
	EndGlobalSection
EndGlobal
