
Microsoft Visual Studio Solution File, Format Version 12.00
# Visual Studio Version 17
VisualStudioVersion = 17.7.34202.233
MinimumVisualStudioVersion = 10.0.40219.1
Project("{FAE04EC0-301F-11D3-BF4B-00C04F79EFBC}") = "GNProject", "GNProject\GNProject.csproj", "{F67608EE-1F31-438C-B38E-7E7AC821222A}"
	ProjectSection(ProjectDependencies) = postProject
		{716553A8-1C7B-4763-AE75-53BFFB115731} = {716553A8-1C7B-4763-AE75-53BFFB115731}
	EndProjectSection
EndProject
Project("{FAE04EC0-301F-11D3-BF4B-00C04F79EFBC}") = "Presistence", "capas\Presistence\Presistence.csproj", "{716553A8-1C7B-4763-AE75-53BFFB115731}"
EndProject
Project("{2150E333-8FDC-42A3-9474-1A3956D46DE8}") = "Capas", "Capas", "{FF4CFBCF-CD6A-447C-81BA-B6C9867CC8FA}"
EndProject
Project("{2150E333-8FDC-42A3-9474-1A3956D46DE8}") = "Incidencias", "Incidencias", "{52247F47-C0AB-45FD-BDF0-A98DBF60CE1F}"
EndProject
Project("{FAE04EC0-301F-11D3-BF4B-00C04F79EFBC}") = "BusinessLogic", "capas\Incidencias\BusinessLogic\BusinessLogic.csproj", "{6F359DE6-9E18-4CA0-9D54-59C96F50F3F5}"
EndProject
Project("{FAE04EC0-301F-11D3-BF4B-00C04F79EFBC}") = "Persistence", "capas\Incidencias\Persistence\Persistence.csproj", "{E7776E9C-AD9A-4166-B3B8-D0D88B9AAE20}"
EndProject
Global
	GlobalSection(SolutionConfigurationPlatforms) = preSolution
		Debug|Any CPU = Debug|Any CPU
		Release|Any CPU = Release|Any CPU
	EndGlobalSection
	GlobalSection(ProjectConfigurationPlatforms) = postSolution
		{F67608EE-1F31-438C-B38E-7E7AC821222A}.Debug|Any CPU.ActiveCfg = Debug|Any CPU
		{F67608EE-1F31-438C-B38E-7E7AC821222A}.Debug|Any CPU.Build.0 = Debug|Any CPU
		{F67608EE-1F31-438C-B38E-7E7AC821222A}.Release|Any CPU.ActiveCfg = Release|Any CPU
		{F67608EE-1F31-438C-B38E-7E7AC821222A}.Release|Any CPU.Build.0 = Release|Any CPU
		{716553A8-1C7B-4763-AE75-53BFFB115731}.Debug|Any CPU.ActiveCfg = Debug|Any CPU
		{716553A8-1C7B-4763-AE75-53BFFB115731}.Debug|Any CPU.Build.0 = Debug|Any CPU
		{716553A8-1C7B-4763-AE75-53BFFB115731}.Release|Any CPU.ActiveCfg = Release|Any CPU
		{716553A8-1C7B-4763-AE75-53BFFB115731}.Release|Any CPU.Build.0 = Release|Any CPU
		{6F359DE6-9E18-4CA0-9D54-59C96F50F3F5}.Debug|Any CPU.ActiveCfg = Debug|Any CPU
		{6F359DE6-9E18-4CA0-9D54-59C96F50F3F5}.Debug|Any CPU.Build.0 = Debug|Any CPU
		{6F359DE6-9E18-4CA0-9D54-59C96F50F3F5}.Release|Any CPU.ActiveCfg = Release|Any CPU
		{6F359DE6-9E18-4CA0-9D54-59C96F50F3F5}.Release|Any CPU.Build.0 = Release|Any CPU
		{E7776E9C-AD9A-4166-B3B8-D0D88B9AAE20}.Debug|Any CPU.ActiveCfg = Debug|Any CPU
		{E7776E9C-AD9A-4166-B3B8-D0D88B9AAE20}.Debug|Any CPU.Build.0 = Debug|Any CPU
		{E7776E9C-AD9A-4166-B3B8-D0D88B9AAE20}.Release|Any CPU.ActiveCfg = Release|Any CPU
		{E7776E9C-AD9A-4166-B3B8-D0D88B9AAE20}.Release|Any CPU.Build.0 = Release|Any CPU
	EndGlobalSection
	GlobalSection(SolutionProperties) = preSolution
		HideSolutionNode = FALSE
	EndGlobalSection
	GlobalSection(NestedProjects) = preSolution
		{52247F47-C0AB-45FD-BDF0-A98DBF60CE1F} = {FF4CFBCF-CD6A-447C-81BA-B6C9867CC8FA}
		{6F359DE6-9E18-4CA0-9D54-59C96F50F3F5} = {52247F47-C0AB-45FD-BDF0-A98DBF60CE1F}
		{E7776E9C-AD9A-4166-B3B8-D0D88B9AAE20} = {52247F47-C0AB-45FD-BDF0-A98DBF60CE1F}
	EndGlobalSection
	GlobalSection(ExtensibilityGlobals) = postSolution
		SolutionGuid = {AB56270B-96DD-4177-B0D6-E7A12D30DF03}
	EndGlobalSection
EndGlobal
